
Microsoft Visual Studio Solution File, Format Version 12.00
# Visual Studio 15
VisualStudioVersion = 15.0.28307.539
MinimumVisualStudioVersion = 10.0.40219.1
Project("{FAE04EC0-301F-11D3-BF4B-00C04F79EFBC}") = "Exercicio_4", "Exercicio_4\Exercicio_4.csproj", "{F093BAAB-13AC-4E7B-B770-1A4D88F4AC95}"
EndProject
Global
	GlobalSection(SolutionConfigurationPlatforms) = preSolution
		Debug|Any CPU = Debug|Any CPU
		Release|Any CPU = Release|Any CPU
	EndGlobalSection
	GlobalSection(ProjectConfigurationPlatforms) = postSolution
		{F093BAAB-13AC-4E7B-B770-1A4D88F4AC95}.Debug|Any CPU.ActiveCfg = Debug|Any CPU
		{F093BAAB-13AC-4E7B-B770-1A4D88F4AC95}.Debug|Any CPU.Build.0 = Debug|Any CPU
		{F093BAAB-13AC-4E7B-B770-1A4D88F4AC95}.Release|Any CPU.ActiveCfg = Release|Any CPU
		{F093BAAB-13AC-4E7B-B770-1A4D88F4AC95}.Release|Any CPU.Build.0 = Release|Any CPU
	EndGlobalSection
	GlobalSection(SolutionProperties) = preSolution
		HideSolutionNode = FALSE
	EndGlobalSection
	GlobalSection(ExtensibilityGlobals) = postSolution
		SolutionGuid = {E6E54F31-B8E3-4A7B-83FA-47B25360E073}
	EndGlobalSection
EndGlobal
